
Microsoft Visual Studio Solution File, Format Version 12.00
# Visual Studio Version 17
VisualStudioVersion = 17.4.33103.184
MinimumVisualStudioVersion = 10.0.40219.1
Project("{9A19103F-16F7-4668-BE54-9A1E7A4F7556}") = "Task_7", "Task_7.csproj", "{CF940036-28A4-4F6E-9E28-0E3877D9B8F3}"
EndProject
Global
	GlobalSection(SolutionConfigurationPlatforms) = preSolution
		Debug|Any CPU = Debug|Any CPU
		Release|Any CPU = Release|Any CPU
	EndGlobalSection
	GlobalSection(ProjectConfigurationPlatforms) = postSolution
		{CF940036-28A4-4F6E-9E28-0E3877D9B8F3}.Debug|Any CPU.ActiveCfg = Debug|Any CPU
		{CF940036-28A4-4F6E-9E28-0E3877D9B8F3}.Debug|Any CPU.Build.0 = Debug|Any CPU
		{CF940036-28A4-4F6E-9E28-0E3877D9B8F3}.Release|Any CPU.ActiveCfg = Release|Any CPU
		{CF940036-28A4-4F6E-9E28-0E3877D9B8F3}.Release|Any CPU.Build.0 = Release|Any CPU
	EndGlobalSection
	GlobalSection(SolutionProperties) = preSolution
		HideSolutionNode = FALSE
	EndGlobalSection
	GlobalSection(ExtensibilityGlobals) = postSolution
		SolutionGuid = {36732E7B-E0DE-49D4-BC3B-2B0CA012A405}
	EndGlobalSection
EndGlobal
